
Microsoft Visual Studio Solution File, Format Version 12.00
# Visual Studio Version 16
VisualStudioVersion = 16.0.32510.428
MinimumVisualStudioVersion = 10.0.40219.1
Project("{FAE04EC0-301F-11D3-BF4B-00C04F79EFBC}") = "WebAppTutorial", "WebAppTutorial\WebAppTutorial.csproj", "{BA697362-6751-43A3-BBB6-D0CD6DB1420D}"
EndProject
Global
	GlobalSection(SolutionConfigurationPlatforms) = preSolution
		Debug|Any CPU = Debug|Any CPU
		Release|Any CPU = Release|Any CPU
	EndGlobalSection
	GlobalSection(ProjectConfigurationPlatforms) = postSolution
		{BA697362-6751-43A3-BBB6-D0CD6DB1420D}.Debug|Any CPU.ActiveCfg = Debug|Any CPU
		{BA697362-6751-43A3-BBB6-D0CD6DB1420D}.Debug|Any CPU.Build.0 = Debug|Any CPU
		{BA697362-6751-43A3-BBB6-D0CD6DB1420D}.Release|Any CPU.ActiveCfg = Release|Any CPU
		{BA697362-6751-43A3-BBB6-D0CD6DB1420D}.Release|Any CPU.Build.0 = Release|Any CPU
	EndGlobalSection
	GlobalSection(SolutionProperties) = preSolution
		HideSolutionNode = FALSE
	EndGlobalSection
	GlobalSection(ExtensibilityGlobals) = postSolution
		SolutionGuid = {BF1A1B10-A5EA-4236-9592-AC2174CDD592}
	EndGlobalSection
EndGlobal
